
Microsoft Visual Studio Solution File, Format Version 12.00
# Visual Studio Version 17
VisualStudioVersion = 17.13.35931.197 d17.13
MinimumVisualStudioVersion = 10.0.40219.1
Project("{FAE04EC0-301F-11D3-BF4B-00C04F79EFBC}") = "ClinicBookingSystemAPP", "ClinicBookingSystemAPP\ClinicBookingSystemAPP.csproj", "{110B9430-3840-4E31-B8C3-8A46BF2D3847}"
EndProject
Global
	GlobalSection(SolutionConfigurationPlatforms) = preSolution
		Debug|Any CPU = Debug|Any CPU
		Release|Any CPU = Release|Any CPU
	EndGlobalSection
	GlobalSection(ProjectConfigurationPlatforms) = postSolution
		{110B9430-3840-4E31-B8C3-8A46BF2D3847}.Debug|Any CPU.ActiveCfg = Debug|Any CPU
		{110B9430-3840-4E31-B8C3-8A46BF2D3847}.Debug|Any CPU.Build.0 = Debug|Any CPU
		{110B9430-3840-4E31-B8C3-8A46BF2D3847}.Release|Any CPU.ActiveCfg = Release|Any CPU
		{110B9430-3840-4E31-B8C3-8A46BF2D3847}.Release|Any CPU.Build.0 = Release|Any CPU
	EndGlobalSection
	GlobalSection(SolutionProperties) = preSolution
		HideSolutionNode = FALSE
	EndGlobalSection
	GlobalSection(ExtensibilityGlobals) = postSolution
		SolutionGuid = {669F8579-0B72-4951-A256-3B81C33A5AE4}
	EndGlobalSection
EndGlobal
